// !$*UTF8*$!
{
	archiveVersion = 1;
	classes = {
	};
	objectVersion = 50;
	objects = {

/* Begin PBXBuildFile section */
		6CD1822DE676531CEC59DAD4 /* libPods-basisProject.a in Frameworks */ = {isa = PBXBuildFile; fileRef = 909ABF3A93063B1136C3830F /* libPods-basisProject.a */; };
		8A3EDFDB222648910086198C /* AppDelegate.m in Sources */ = {isa = PBXBuildFile; fileRef = 8A3EDFDA222648910086198C /* AppDelegate.m */; };
		8A3EDFE1222648910086198C /* Main.storyboard in Resources */ = {isa = PBXBuildFile; fileRef = 8A3EDFDF222648910086198C /* Main.storyboard */; };
		8A3EDFE3222648920086198C /* Assets.xcassets in Resources */ = {isa = PBXBuildFile; fileRef = 8A3EDFE2222648920086198C /* Assets.xcassets */; };
		8A3EDFE6222648920086198C /* LaunchScreen.storyboard in Resources */ = {isa = PBXBuildFile; fileRef = 8A3EDFE4222648920086198C /* LaunchScreen.storyboard */; };
		8A3EDFE9222648920086198C /* main.m in Sources */ = {isa = PBXBuildFile; fileRef = 8A3EDFE8222648920086198C /* main.m */; };
		8A3EE000222649EE0086198C /* BasicTabBarViewController.m in Sources */ = {isa = PBXBuildFile; fileRef = 8A3EDFFF222649EE0086198C /* BasicTabBarViewController.m */; };
		8A3EE00322264A0E0086198C /* BaseViewController.m in Sources */ = {isa = PBXBuildFile; fileRef = 8A3EE00222264A0E0086198C /* BaseViewController.m */; };
		8A3EE00622264A280086198C /* BasicNavViewController.m in Sources */ = {isa = PBXBuildFile; fileRef = 8A3EE00522264A280086198C /* BasicNavViewController.m */; };
		8A3EE00C22264F040086198C /* NSLayoutConstraint+IBDesignable.m in Sources */ = {isa = PBXBuildFile; fileRef = 8A3EE00A22264F040086198C /* NSLayoutConstraint+IBDesignable.m */; };
		8A3EE00F22264F4E0086198C /* UIView+Extension.m in Sources */ = {isa = PBXBuildFile; fileRef = 8A3EE00D22264F4E0086198C /* UIView+Extension.m */; };
		8A3EE01A222651180086198C /* NSString+Extention.m in Sources */ = {isa = PBXBuildFile; fileRef = 8A3EE019222651180086198C /* NSString+Extention.m */; };
		CF0DEBAB2227C1E5004B594F /* SYHomeViewController.m in Sources */ = {isa = PBXBuildFile; fileRef = CF0DEBA92227C1E5004B594F /* SYHomeViewController.m */; };
		CF0DEBAC2227C1E5004B594F /* SYHomeViewController.xib in Resources */ = {isa = PBXBuildFile; fileRef = CF0DEBAA2227C1E5004B594F /* SYHomeViewController.xib */; };
		CF0DEBB02227C20C004B594F /* SYRecordDetailViewController.m in Sources */ = {isa = PBXBuildFile; fileRef = CF0DEBAE2227C20C004B594F /* SYRecordDetailViewController.m */; };
		CF0DEBB12227C20C004B594F /* SYRecordDetailViewController.xib in Resources */ = {isa = PBXBuildFile; fileRef = CF0DEBAF2227C20C004B594F /* SYRecordDetailViewController.xib */; };
		CF0DEBB52227C229004B594F /* SYElementViewController.m in Sources */ = {isa = PBXBuildFile; fileRef = CF0DEBB32227C229004B594F /* SYElementViewController.m */; };
		CF0DEBB62227C229004B594F /* SYElementViewController.xib in Resources */ = {isa = PBXBuildFile; fileRef = CF0DEBB42227C229004B594F /* SYElementViewController.xib */; };
		CF0DEBBA2227C23C004B594F /* SYSetupViewController.m in Sources */ = {isa = PBXBuildFile; fileRef = CF0DEBB82227C23C004B594F /* SYSetupViewController.m */; };
		CF0DEBBB2227C23C004B594F /* SYSetupViewController.xib in Resources */ = {isa = PBXBuildFile; fileRef = CF0DEBB92227C23C004B594F /* SYSetupViewController.xib */; };
		CF0DEBBF2227C7EE004B594F /* SYRecordListCell.m in Sources */ = {isa = PBXBuildFile; fileRef = CF0DEBBD2227C7EE004B594F /* SYRecordListCell.m */; };
		CF0DEBC02227C7EE004B594F /* SYRecordListCell.xib in Resources */ = {isa = PBXBuildFile; fileRef = CF0DEBBE2227C7EE004B594F /* SYRecordListCell.xib */; };
		CF0DEBC42227CAB5004B594F /* SYLabellistCell.m in Sources */ = {isa = PBXBuildFile; fileRef = CF0DEBC22227CAB5004B594F /* SYLabellistCell.m */; };
		CF0DEBC52227CAB5004B594F /* SYLabellistCell.xib in Resources */ = {isa = PBXBuildFile; fileRef = CF0DEBC32227CAB5004B594F /* SYLabellistCell.xib */; };
		CF0DEBC92227CAC7004B594F /* SYMoodCell.m in Sources */ = {isa = PBXBuildFile; fileRef = CF0DEBC72227CAC7004B594F /* SYMoodCell.m */; };
		CF0DEBCA2227CAC7004B594F /* SYMoodCell.xib in Resources */ = {isa = PBXBuildFile; fileRef = CF0DEBC82227CAC7004B594F /* SYMoodCell.xib */; };
		CF0DEBCD2227D1F3004B594F /* UIView+AZGradient.m in Sources */ = {isa = PBXBuildFile; fileRef = CF0DEBCC2227D1F3004B594F /* UIView+AZGradient.m */; };
		CF0DEBD02227DA84004B594F /* UIView+shadow.m in Sources */ = {isa = PBXBuildFile; fileRef = CF0DEBCF2227DA84004B594F /* UIView+shadow.m */; };
		CF0DEBD42227DD63004B594F /* SYAddRecordViewController.m in Sources */ = {isa = PBXBuildFile; fileRef = CF0DEBD22227DD63004B594F /* SYAddRecordViewController.m */; };
		CF0DEBD52227DD63004B594F /* SYAddRecordViewController.xib in Resources */ = {isa = PBXBuildFile; fileRef = CF0DEBD32227DD63004B594F /* SYAddRecordViewController.xib */; };
		CF0DEBD92227E1A3004B594F /* SYAddRecordsTopCell.m in Sources */ = {isa = PBXBuildFile; fileRef = CF0DEBD72227E1A3004B594F /* SYAddRecordsTopCell.m */; };
		CF0DEBDA2227E1A3004B594F /* SYAddRecordsTopCell.xib in Resources */ = {isa = PBXBuildFile; fileRef = CF0DEBD82227E1A3004B594F /* SYAddRecordsTopCell.xib */; };
		CF0DEBFD2227EB5F004B594F /* SYAddRecorContentCell.xib in Resources */ = {isa = PBXBuildFile; fileRef = CF0DEBF52227EB5E004B594F /* SYAddRecorContentCell.xib */; };
		CF0DEBFE2227EB5F004B594F /* SYAddRecorContentCell.m in Sources */ = {isa = PBXBuildFile; fileRef = CF0DEBF62227EB5E004B594F /* SYAddRecorContentCell.m */; };
		CF0DEBFF2227EB5F004B594F /* SYAddRecordTimeCell.m in Sources */ = {isa = PBXBuildFile; fileRef = CF0DEBF92227EB5E004B594F /* SYAddRecordTimeCell.m */; };
		CF0DEC002227EB5F004B594F /* SYAddRecordTimeCell.xib in Resources */ = {isa = PBXBuildFile; fileRef = CF0DEBFA2227EB5F004B594F /* SYAddRecordTimeCell.xib */; };
		CF0DEC012227EB5F004B594F /* SYAddCharacterCell.xib in Resources */ = {isa = PBXBuildFile; fileRef = CF0DEBFB2227EB5F004B594F /* SYAddCharacterCell.xib */; };
		CF0DEC022227EB5F004B594F /* SYAddCharacterCell.m in Sources */ = {isa = PBXBuildFile; fileRef = CF0DEBFC2227EB5F004B594F /* SYAddCharacterCell.m */; };
		CF0DEC1B2227EEDC004B594F /* ACMediaFrame.bundle in Resources */ = {isa = PBXBuildFile; fileRef = CF0DEC072227EEDC004B594F /* ACMediaFrame.bundle */; };
		CF0DEC1C2227EEDC004B594F /* UIView+ACMediaExt.m in Sources */ = {isa = PBXBuildFile; fileRef = CF0DEC0D2227EEDC004B594F /* UIView+ACMediaExt.m */; };
		CF0DEC1D2227EEDC004B594F /* UIImage+ACGif.m in Sources */ = {isa = PBXBuildFile; fileRef = CF0DEC0E2227EEDC004B594F /* UIImage+ACGif.m */; };
		CF0DEC1E2227EEDC004B594F /* UIImageView+ACMediaExt.m in Sources */ = {isa = PBXBuildFile; fileRef = CF0DEC0F2227EEDC004B594F /* UIImageView+ACMediaExt.m */; };
		CF0DEC1F2227EEDC004B594F /* NSString+ACMediaExt.m in Sources */ = {isa = PBXBuildFile; fileRef = CF0DEC102227EEDC004B594F /* NSString+ACMediaExt.m */; };
		CF0DEC202227EEDC004B594F /* UIViewController+ACMediaExt.m in Sources */ = {isa = PBXBuildFile; fileRef = CF0DEC112227EEDC004B594F /* UIViewController+ACMediaExt.m */; };
		CF0DEC212227EEDC004B594F /* ACMediaImageCell.m in Sources */ = {isa = PBXBuildFile; fileRef = CF0DEC142227EEDC004B594F /* ACMediaImageCell.m */; };
		CF0DEC222227EEDC004B594F /* ACMediaModel.m in Sources */ = {isa = PBXBuildFile; fileRef = CF0DEC152227EEDC004B594F /* ACMediaModel.m */; };
		CF0DEC232227EEDC004B594F /* ACMediaManager.m in Sources */ = {isa = PBXBuildFile; fileRef = CF0DEC162227EEDC004B594F /* ACMediaManager.m */; };
		CF0DEC242227EEDC004B594F /* ACSelectMediaView.m in Sources */ = {isa = PBXBuildFile; fileRef = CF0DEC1A2227EEDC004B594F /* ACSelectMediaView.m */; };
		CF0DEC282228BD31004B594F /* SYAddMoodCell.m in Sources */ = {isa = PBXBuildFile; fileRef = CF0DEC262228BD31004B594F /* SYAddMoodCell.m */; };
		CF0DEC292228BD31004B594F /* SYAddMoodCell.xib in Resources */ = {isa = PBXBuildFile; fileRef = CF0DEC272228BD31004B594F /* SYAddMoodCell.xib */; };
		CF0DEC2D2228BFAC004B594F /* SYAddLabelCell.xib in Resources */ = {isa = PBXBuildFile; fileRef = CF0DEC2B2228BFAB004B594F /* SYAddLabelCell.xib */; };
		CF0DEC2E2228BFAC004B594F /* SYAddLabelCell.m in Sources */ = {isa = PBXBuildFile; fileRef = CF0DEC2C2228BFAC004B594F /* SYAddLabelCell.m */; };
		CF0DEC322228CA66004B594F /* SYAddMoodViewController.m in Sources */ = {isa = PBXBuildFile; fileRef = CF0DEC302228CA66004B594F /* SYAddMoodViewController.m */; };
		CF0DEC332228CA66004B594F /* SYAddMoodViewController.xib in Resources */ = {isa = PBXBuildFile; fileRef = CF0DEC312228CA66004B594F /* SYAddMoodViewController.xib */; };
		CF0DEC372228CA80004B594F /* SYAddChracterViewController.m in Sources */ = {isa = PBXBuildFile; fileRef = CF0DEC352228CA80004B594F /* SYAddChracterViewController.m */; };
		CF0DEC382228CA80004B594F /* SYAddChracterViewController.xib in Resources */ = {isa = PBXBuildFile; fileRef = CF0DEC362228CA80004B594F /* SYAddChracterViewController.xib */; };
		CF0DEC3C2228CA96004B594F /* SYPickLabelViewController.m in Sources */ = {isa = PBXBuildFile; fileRef = CF0DEC3A2228CA96004B594F /* SYPickLabelViewController.m */; };
		CF0DEC3D2228CA96004B594F /* SYPickLabelViewController.xib in Resources */ = {isa = PBXBuildFile; fileRef = CF0DEC3B2228CA96004B594F /* SYPickLabelViewController.xib */; };
		CF0DEC402228E264004B594F /* MBProgressHUD+MJ.m in Sources */ = {isa = PBXBuildFile; fileRef = CF0DEC3F2228E264004B594F /* MBProgressHUD+MJ.m */; };
		CF838427222900C90087A011 /* CCDatePickerView.m in Sources */ = {isa = PBXBuildFile; fileRef = CF838426222900C90087A011 /* CCDatePickerView.m */; };
		CF83842B222912A70087A011 /* SYBannerCell.m in Sources */ = {isa = PBXBuildFile; fileRef = CF838429222912A70087A011 /* SYBannerCell.m */; };
		CF83842C222912A70087A011 /* SYBannerCell.xib in Resources */ = {isa = PBXBuildFile; fileRef = CF83842A222912A70087A011 /* SYBannerCell.xib */; };
		CF838430222912C30087A011 /* SYDetailContentCell.m in Sources */ = {isa = PBXBuildFile; fileRef = CF83842E222912C30087A011 /* SYDetailContentCell.m */; };
		CF838431222912C30087A011 /* SYDetailContentCell.xib in Resources */ = {isa = PBXBuildFile; fileRef = CF83842F222912C30087A011 /* SYDetailContentCell.xib */; };
		CF8384352229136D0087A011 /* SYDetailCharacterCell.m in Sources */ = {isa = PBXBuildFile; fileRef = CF8384332229136D0087A011 /* SYDetailCharacterCell.m */; };
		CF8384362229136D0087A011 /* SYDetailCharacterCell.xib in Resources */ = {isa = PBXBuildFile; fileRef = CF8384342229136D0087A011 /* SYDetailCharacterCell.xib */; };
		CF83843A222919960087A011 /* SYDetailTagsCell.m in Sources */ = {isa = PBXBuildFile; fileRef = CF838438222919960087A011 /* SYDetailTagsCell.m */; };
		CF83843B222919960087A011 /* SYDetailTagsCell.xib in Resources */ = {isa = PBXBuildFile; fileRef = CF838439222919960087A011 /* SYDetailTagsCell.xib */; };
		CF83843F22291F540087A011 /* SYBannerItemCell.m in Sources */ = {isa = PBXBuildFile; fileRef = CF83843D22291F540087A011 /* SYBannerItemCell.m */; };
		CF83844022291F540087A011 /* SYBannerItemCell.xib in Resources */ = {isa = PBXBuildFile; fileRef = CF83843E22291F540087A011 /* SYBannerItemCell.xib */; };
		CF838444222922100087A011 /* SYUserDefaults.m in Sources */ = {isa = PBXBuildFile; fileRef = CF838443222922100087A011 /* SYUserDefaults.m */; };
		CF838448222928260087A011 /* SYRecordImgItemCell.m in Sources */ = {isa = PBXBuildFile; fileRef = CF838446222928260087A011 /* SYRecordImgItemCell.m */; };
		CF838449222928260087A011 /* SYRecordImgItemCell.xib in Resources */ = {isa = PBXBuildFile; fileRef = CF838447222928260087A011 /* SYRecordImgItemCell.xib */; };
		CF83844D2229354E0087A011 /* SYPickChracterViewController.m in Sources */ = {isa = PBXBuildFile; fileRef = CF83844B2229354E0087A011 /* SYPickChracterViewController.m */; };
		CF83844E2229354E0087A011 /* SYPickChracterViewController.xib in Resources */ = {isa = PBXBuildFile; fileRef = CF83844C2229354E0087A011 /* SYPickChracterViewController.xib */; };
		CF838452222936250087A011 /* SYEleFigureCell.m in Sources */ = {isa = PBXBuildFile; fileRef = CF838450222936250087A011 /* SYEleFigureCell.m */; };
		CF838453222936250087A011 /* SYEleFigureCell.xib in Resources */ = {isa = PBXBuildFile; fileRef = CF838451222936250087A011 /* SYEleFigureCell.xib */; };
		CF838457222CB5080087A011 /* SYFeedbackViewController.m in Sources */ = {isa = PBXBuildFile; fileRef = CF838455222CB5080087A011 /* SYFeedbackViewController.m */; };
		CF838458222CB5080087A011 /* SYFeedbackViewController.xib in Resources */ = {isa = PBXBuildFile; fileRef = CF838456222CB5080087A011 /* SYFeedbackViewController.xib */; };
/* End PBXBuildFile section */

/* Begin PBXFileReference section */
		6480BCAC8B6E5948DCF36830 /* Pods-basisProject.debug.xcconfig */ = {isa = PBXFileReference; includeInIndex = 1; lastKnownFileType = text.xcconfig; name = "Pods-basisProject.debug.xcconfig"; path = "Target Support Files/Pods-basisProject/Pods-basisProject.debug.xcconfig"; sourceTree = "<group>"; };
		8A3EDFD6222648910086198C /* basisProject.app */ = {isa = PBXFileReference; explicitFileType = wrapper.application; includeInIndex = 0; path = basisProject.app; sourceTree = BUILT_PRODUCTS_DIR; };
		8A3EDFD9222648910086198C /* AppDelegate.h */ = {isa = PBXFileReference; lastKnownFileType = sourcecode.c.h; path = AppDelegate.h; sourceTree = "<group>"; };
		8A3EDFDA222648910086198C /* AppDelegate.m */ = {isa = PBXFileReference; lastKnownFileType = sourcecode.c.objc; path = AppDelegate.m; sourceTree = "<group>"; };
		8A3EDFE0222648910086198C /* Base */ = {isa = PBXFileReference; lastKnownFileType = file.storyboard; name = Base; path = Base.lproj/Main.storyboard; sourceTree = "<group>"; };
		8A3EDFE2222648920086198C /* Assets.xcassets */ = {isa = PBXFileReference; lastKnownFileType = folder.assetcatalog; path = Assets.xcassets; sourceTree = "<group>"; };
		8A3EDFE5222648920086198C /* Base */ = {isa = PBXFileReference; lastKnownFileType = file.storyboard; name = Base; path = Base.lproj/LaunchScreen.storyboard; sourceTree = "<group>"; };
		8A3EDFE7222648920086198C /* Info.plist */ = {isa = PBXFileReference; lastKnownFileType = text.plist.xml; path = Info.plist; sourceTree = "<group>"; };
		8A3EDFE8222648920086198C /* main.m */ = {isa = PBXFileReference; lastKnownFileType = sourcecode.c.objc; path = main.m; sourceTree = "<group>"; };
		8A3EDFFE222649EE0086198C /* BasicTabBarViewController.h */ = {isa = PBXFileReference; lastKnownFileType = sourcecode.c.h; path = BasicTabBarViewController.h; sourceTree = "<group>"; };
		8A3EDFFF222649EE0086198C /* BasicTabBarViewController.m */ = {isa = PBXFileReference; lastKnownFileType = sourcecode.c.objc; path = BasicTabBarViewController.m; sourceTree = "<group>"; };
		8A3EE00122264A0E0086198C /* BaseViewController.h */ = {isa = PBXFileReference; lastKnownFileType = sourcecode.c.h; path = BaseViewController.h; sourceTree = "<group>"; };
		8A3EE00222264A0E0086198C /* BaseViewController.m */ = {isa = PBXFileReference; lastKnownFileType = sourcecode.c.objc; path = BaseViewController.m; sourceTree = "<group>"; };
		8A3EE00422264A280086198C /* BasicNavViewController.h */ = {isa = PBXFileReference; lastKnownFileType = sourcecode.c.h; path = BasicNavViewController.h; sourceTree = "<group>"; };
		8A3EE00522264A280086198C /* BasicNavViewController.m */ = {isa = PBXFileReference; lastKnownFileType = sourcecode.c.objc; path = BasicNavViewController.m; sourceTree = "<group>"; };
		8A3EE00922264D460086198C /* PrefixHeader.pch */ = {isa = PBXFileReference; lastKnownFileType = sourcecode.c.h; path = PrefixHeader.pch; sourceTree = "<group>"; };
		8A3EE00A22264F040086198C /* NSLayoutConstraint+IBDesignable.m */ = {isa = PBXFileReference; fileEncoding = 4; lastKnownFileType = sourcecode.c.objc; path = "NSLayoutConstraint+IBDesignable.m"; sourceTree = "<group>"; };
		8A3EE00B22264F040086198C /* NSLayoutConstraint+IBDesignable.h */ = {isa = PBXFileReference; fileEncoding = 4; lastKnownFileType = sourcecode.c.h; path = "NSLayoutConstraint+IBDesignable.h"; sourceTree = "<group>"; };
		8A3EE00D22264F4E0086198C /* UIView+Extension.m */ = {isa = PBXFileReference; fileEncoding = 4; lastKnownFileType = sourcecode.c.objc; path = "UIView+Extension.m"; sourceTree = "<group>"; };
		8A3EE00E22264F4E0086198C /* UIView+Extension.h */ = {isa = PBXFileReference; fileEncoding = 4; lastKnownFileType = sourcecode.c.h; path = "UIView+Extension.h"; sourceTree = "<group>"; };
		8A3EE018222651180086198C /* NSString+Extention.h */ = {isa = PBXFileReference; lastKnownFileType = sourcecode.c.h; path = "NSString+Extention.h"; sourceTree = "<group>"; };
		8A3EE019222651180086198C /* NSString+Extention.m */ = {isa = PBXFileReference; lastKnownFileType = sourcecode.c.objc; path = "NSString+Extention.m"; sourceTree = "<group>"; };
		8A3EE01B222652C80086198C /* macros.pch */ = {isa = PBXFileReference; lastKnownFileType = sourcecode.c.h; path = macros.pch; sourceTree = "<group>"; };
		909ABF3A93063B1136C3830F /* libPods-basisProject.a */ = {isa = PBXFileReference; explicitFileType = archive.ar; includeInIndex = 0; path = "libPods-basisProject.a"; sourceTree = BUILT_PRODUCTS_DIR; };
		C62B1BF9BCA775C4583DF898 /* Pods-basisProject.release.xcconfig */ = {isa = PBXFileReference; includeInIndex = 1; lastKnownFileType = text.xcconfig; name = "Pods-basisProject.release.xcconfig"; path = "Target Support Files/Pods-basisProject/Pods-basisProject.release.xcconfig"; sourceTree = "<group>"; };
		CF0DEBA82227C1E5004B594F /* SYHomeViewController.h */ = {isa = PBXFileReference; lastKnownFileType = sourcecode.c.h; path = SYHomeViewController.h; sourceTree = "<group>"; };
		CF0DEBA92227C1E5004B594F /* SYHomeViewController.m */ = {isa = PBXFileReference; lastKnownFileType = sourcecode.c.objc; path = SYHomeViewController.m; sourceTree = "<group>"; };
		CF0DEBAA2227C1E5004B594F /* SYHomeViewController.xib */ = {isa = PBXFileReference; lastKnownFileType = file.xib; path = SYHomeViewController.xib; sourceTree = "<group>"; };
		CF0DEBAD2227C20C004B594F /* SYRecordDetailViewController.h */ = {isa = PBXFileReference; lastKnownFileType = sourcecode.c.h; path = SYRecordDetailViewController.h; sourceTree = "<group>"; };
		CF0DEBAE2227C20C004B594F /* SYRecordDetailViewController.m */ = {isa = PBXFileReference; lastKnownFileType = sourcecode.c.objc; path = SYRecordDetailViewController.m; sourceTree = "<group>"; };
		CF0DEBAF2227C20C004B594F /* SYRecordDetailViewController.xib */ = {isa = PBXFileReference; lastKnownFileType = file.xib; path = SYRecordDetailViewController.xib; sourceTree = "<group>"; };
		CF0DEBB22227C229004B594F /* SYElementViewController.h */ = {isa = PBXFileReference; lastKnownFileType = sourcecode.c.h; path = SYElementViewController.h; sourceTree = "<group>"; };
		CF0DEBB32227C229004B594F /* SYElementViewController.m */ = {isa = PBXFileReference; lastKnownFileType = sourcecode.c.objc; path = SYElementViewController.m; sourceTree = "<group>"; };
		CF0DEBB42227C229004B594F /* SYElementViewController.xib */ = {isa = PBXFileReference; lastKnownFileType = file.xib; path = SYElementViewController.xib; sourceTree = "<group>"; };
		CF0DEBB72227C23C004B594F /* SYSetupViewController.h */ = {isa = PBXFileReference; lastKnownFileType = sourcecode.c.h; path = SYSetupViewController.h; sourceTree = "<group>"; };
		CF0DEBB82227C23C004B594F /* SYSetupViewController.m */ = {isa = PBXFileReference; lastKnownFileType = sourcecode.c.objc; path = SYSetupViewController.m; sourceTree = "<group>"; };
		CF0DEBB92227C23C004B594F /* SYSetupViewController.xib */ = {isa = PBXFileReference; lastKnownFileType = file.xib; path = SYSetupViewController.xib; sourceTree = "<group>"; };
		CF0DEBBC2227C7EE004B594F /* SYRecordListCell.h */ = {isa = PBXFileReference; lastKnownFileType = sourcecode.c.h; path = SYRecordListCell.h; sourceTree = "<group>"; };
		CF0DEBBD2227C7EE004B594F /* SYRecordListCell.m */ = {isa = PBXFileReference; lastKnownFileType = sourcecode.c.objc; path = SYRecordListCell.m; sourceTree = "<group>"; };
		CF0DEBBE2227C7EE004B594F /* SYRecordListCell.xib */ = {isa = PBXFileReference; lastKnownFileType = file.xib; path = SYRecordListCell.xib; sourceTree = "<group>"; };
		CF0DEBC12227CAB5004B594F /* SYLabellistCell.h */ = {isa = PBXFileReference; lastKnownFileType = sourcecode.c.h; path = SYLabellistCell.h; sourceTree = "<group>"; };
		CF0DEBC22227CAB5004B594F /* SYLabellistCell.m */ = {isa = PBXFileReference; lastKnownFileType = sourcecode.c.objc; path = SYLabellistCell.m; sourceTree = "<group>"; };
		CF0DEBC32227CAB5004B594F /* SYLabellistCell.xib */ = {isa = PBXFileReference; lastKnownFileType = file.xib; path = SYLabellistCell.xib; sourceTree = "<group>"; };
		CF0DEBC62227CAC7004B594F /* SYMoodCell.h */ = {isa = PBXFileReference; lastKnownFileType = sourcecode.c.h; path = SYMoodCell.h; sourceTree = "<group>"; };
		CF0DEBC72227CAC7004B594F /* SYMoodCell.m */ = {isa = PBXFileReference; lastKnownFileType = sourcecode.c.objc; path = SYMoodCell.m; sourceTree = "<group>"; };
		CF0DEBC82227CAC7004B594F /* SYMoodCell.xib */ = {isa = PBXFileReference; lastKnownFileType = file.xib; path = SYMoodCell.xib; sourceTree = "<group>"; };
		CF0DEBCB2227D1F3004B594F /* UIView+AZGradient.h */ = {isa = PBXFileReference; fileEncoding = 4; lastKnownFileType = sourcecode.c.h; path = "UIView+AZGradient.h"; sourceTree = "<group>"; };
		CF0DEBCC2227D1F3004B594F /* UIView+AZGradient.m */ = {isa = PBXFileReference; fileEncoding = 4; lastKnownFileType = sourcecode.c.objc; path = "UIView+AZGradient.m"; sourceTree = "<group>"; };
		CF0DEBCE2227DA84004B594F /* UIView+shadow.h */ = {isa = PBXFileReference; lastKnownFileType = sourcecode.c.h; path = "UIView+shadow.h"; sourceTree = "<group>"; };
		CF0DEBCF2227DA84004B594F /* UIView+shadow.m */ = {isa = PBXFileReference; lastKnownFileType = sourcecode.c.objc; path = "UIView+shadow.m"; sourceTree = "<group>"; };
		CF0DEBD12227DD63004B594F /* SYAddRecordViewController.h */ = {isa = PBXFileReference; lastKnownFileType = sourcecode.c.h; path = SYAddRecordViewController.h; sourceTree = "<group>"; };
		CF0DEBD22227DD63004B594F /* SYAddRecordViewController.m */ = {isa = PBXFileReference; lastKnownFileType = sourcecode.c.objc; path = SYAddRecordViewController.m; sourceTree = "<group>"; };
		CF0DEBD32227DD63004B594F /* SYAddRecordViewController.xib */ = {isa = PBXFileReference; lastKnownFileType = file.xib; path = SYAddRecordViewController.xib; sourceTree = "<group>"; };
		CF0DEBD62227E1A3004B594F /* SYAddRecordsTopCell.h */ = {isa = PBXFileReference; lastKnownFileType = sourcecode.c.h; path = SYAddRecordsTopCell.h; sourceTree = "<group>"; };
		CF0DEBD72227E1A3004B594F /* SYAddRecordsTopCell.m */ = {isa = PBXFileReference; lastKnownFileType = sourcecode.c.objc; path = SYAddRecordsTopCell.m; sourceTree = "<group>"; };
		CF0DEBD82227E1A3004B594F /* SYAddRecordsTopCell.xib */ = {isa = PBXFileReference; lastKnownFileType = file.xib; path = SYAddRecordsTopCell.xib; sourceTree = "<group>"; };
		CF0DEBF42227EB5E004B594F /* SYAddRecorContentCell.h */ = {isa = PBXFileReference; fileEncoding = 4; lastKnownFileType = sourcecode.c.h; path = SYAddRecorContentCell.h; sourceTree = "<group>"; };
		CF0DEBF52227EB5E004B594F /* SYAddRecorContentCell.xib */ = {isa = PBXFileReference; fileEncoding = 4; lastKnownFileType = file.xib; path = SYAddRecorContentCell.xib; sourceTree = "<group>"; };
		CF0DEBF62227EB5E004B594F /* SYAddRecorContentCell.m */ = {isa = PBXFileReference; fileEncoding = 4; lastKnownFileType = sourcecode.c.objc; path = SYAddRecorContentCell.m; sourceTree = "<group>"; };
		CF0DEBF72227EB5E004B594F /* SYAddCharacterCell.h */ = {isa = PBXFileReference; fileEncoding = 4; lastKnownFileType = sourcecode.c.h; path = SYAddCharacterCell.h; sourceTree = "<group>"; };
		CF0DEBF82227EB5E004B594F /* SYAddRecordTimeCell.h */ = {isa = PBXFileReference; fileEncoding = 4; lastKnownFileType = sourcecode.c.h; path = SYAddRecordTimeCell.h; sourceTree = "<group>"; };
		CF0DEBF92227EB5E004B594F /* SYAddRecordTimeCell.m */ = {isa = PBXFileReference; fileEncoding = 4; lastKnownFileType = sourcecode.c.objc; path = SYAddRecordTimeCell.m; sourceTree = "<group>"; };
		CF0DEBFA2227EB5F004B594F /* SYAddRecordTimeCell.xib */ = {isa = PBXFileReference; fileEncoding = 4; lastKnownFileType = file.xib; path = SYAddRecordTimeCell.xib; sourceTree = "<group>"; };
		CF0DEBFB2227EB5F004B594F /* SYAddCharacterCell.xib */ = {isa = PBXFileReference; fileEncoding = 4; lastKnownFileType = file.xib; path = SYAddCharacterCell.xib; sourceTree = "<group>"; };
		CF0DEBFC2227EB5F004B594F /* SYAddCharacterCell.m */ = {isa = PBXFileReference; fileEncoding = 4; lastKnownFileType = sourcecode.c.objc; path = SYAddCharacterCell.m; sourceTree = "<group>"; };
		CF0DEC052227EEDC004B594F /* ACMediaModel.h */ = {isa = PBXFileReference; fileEncoding = 4; lastKnownFileType = sourcecode.c.h; path = ACMediaModel.h; sourceTree = "<group>"; };
		CF0DEC062227EEDC004B594F /* ACMediaManager.h */ = {isa = PBXFileReference; fileEncoding = 4; lastKnownFileType = sourcecode.c.h; path = ACMediaManager.h; sourceTree = "<group>"; };
		CF0DEC072227EEDC004B594F /* ACMediaFrame.bundle */ = {isa = PBXFileReference; lastKnownFileType = "wrapper.plug-in"; path = ACMediaFrame.bundle; sourceTree = "<group>"; };
		CF0DEC082227EEDC004B594F /* ACSelectMediaView.h */ = {isa = PBXFileReference; fileEncoding = 4; lastKnownFileType = sourcecode.c.h; path = ACSelectMediaView.h; sourceTree = "<group>"; };
		CF0DEC0A2227EEDC004B594F /* UIImageView+ACMediaExt.h */ = {isa = PBXFileReference; fileEncoding = 4; lastKnownFileType = sourcecode.c.h; path = "UIImageView+ACMediaExt.h"; sourceTree = "<group>"; };
		CF0DEC0B2227EEDC004B594F /* NSString+ACMediaExt.h */ = {isa = PBXFileReference; fileEncoding = 4; lastKnownFileType = sourcecode.c.h; path = "NSString+ACMediaExt.h"; sourceTree = "<group>"; };
		CF0DEC0C2227EEDC004B594F /* UIViewController+ACMediaExt.h */ = {isa = PBXFileReference; fileEncoding = 4; lastKnownFileType = sourcecode.c.h; path = "UIViewController+ACMediaExt.h"; sourceTree = "<group>"; };
		CF0DEC0D2227EEDC004B594F /* UIView+ACMediaExt.m */ = {isa = PBXFileReference; fileEncoding = 4; lastKnownFileType = sourcecode.c.objc; path = "UIView+ACMediaExt.m"; sourceTree = "<group>"; };
		CF0DEC0E2227EEDC004B594F /* UIImage+ACGif.m */ = {isa = PBXFileReference; fileEncoding = 4; lastKnownFileType = sourcecode.c.objc; path = "UIImage+ACGif.m"; sourceTree = "<group>"; };
		CF0DEC0F2227EEDC004B594F /* UIImageView+ACMediaExt.m */ = {isa = PBXFileReference; fileEncoding = 4; lastKnownFileType = sourcecode.c.objc; path = "UIImageView+ACMediaExt.m"; sourceTree = "<group>"; };
		CF0DEC102227EEDC004B594F /* NSString+ACMediaExt.m */ = {isa = PBXFileReference; fileEncoding = 4; lastKnownFileType = sourcecode.c.objc; path = "NSString+ACMediaExt.m"; sourceTree = "<group>"; };
		CF0DEC112227EEDC004B594F /* UIViewController+ACMediaExt.m */ = {isa = PBXFileReference; fileEncoding = 4; lastKnownFileType = sourcecode.c.objc; path = "UIViewController+ACMediaExt.m"; sourceTree = "<group>"; };
		CF0DEC122227EEDC004B594F /* UIImage+ACGif.h */ = {isa = PBXFileReference; fileEncoding = 4; lastKnownFileType = sourcecode.c.h; path = "UIImage+ACGif.h"; sourceTree = "<group>"; };
		CF0DEC132227EEDC004B594F /* UIView+ACMediaExt.h */ = {isa = PBXFileReference; fileEncoding = 4; lastKnownFileType = sourcecode.c.h; path = "UIView+ACMediaExt.h"; sourceTree = "<group>"; };
		CF0DEC142227EEDC004B594F /* ACMediaImageCell.m */ = {isa = PBXFileReference; fileEncoding = 4; lastKnownFileType = sourcecode.c.objc; path = ACMediaImageCell.m; sourceTree = "<group>"; };
		CF0DEC152227EEDC004B594F /* ACMediaModel.m */ = {isa = PBXFileReference; fileEncoding = 4; lastKnownFileType = sourcecode.c.objc; path = ACMediaModel.m; sourceTree = "<group>"; };
		CF0DEC162227EEDC004B594F /* ACMediaManager.m */ = {isa = PBXFileReference; fileEncoding = 4; lastKnownFileType = sourcecode.c.objc; path = ACMediaManager.m; sourceTree = "<group>"; };
		CF0DEC172227EEDC004B594F /* ACMediaFrameConst.h */ = {isa = PBXFileReference; fileEncoding = 4; lastKnownFileType = sourcecode.c.h; path = ACMediaFrameConst.h; sourceTree = "<group>"; };
		CF0DEC182227EEDC004B594F /* ACMediaImageCell.h */ = {isa = PBXFileReference; fileEncoding = 4; lastKnownFileType = sourcecode.c.h; path = ACMediaImageCell.h; sourceTree = "<group>"; };
		CF0DEC192227EEDC004B594F /* ACMediaFrame.h */ = {isa = PBXFileReference; fileEncoding = 4; lastKnownFileType = sourcecode.c.h; path = ACMediaFrame.h; sourceTree = "<group>"; };
		CF0DEC1A2227EEDC004B594F /* ACSelectMediaView.m */ = {isa = PBXFileReference; fileEncoding = 4; lastKnownFileType = sourcecode.c.objc; path = ACSelectMediaView.m; sourceTree = "<group>"; };
		CF0DEC252228BD31004B594F /* SYAddMoodCell.h */ = {isa = PBXFileReference; fileEncoding = 4; lastKnownFileType = sourcecode.c.h; path = SYAddMoodCell.h; sourceTree = "<group>"; };
		CF0DEC262228BD31004B594F /* SYAddMoodCell.m */ = {isa = PBXFileReference; fileEncoding = 4; lastKnownFileType = sourcecode.c.objc; path = SYAddMoodCell.m; sourceTree = "<group>"; };
		CF0DEC272228BD31004B594F /* SYAddMoodCell.xib */ = {isa = PBXFileReference; fileEncoding = 4; lastKnownFileType = file.xib; path = SYAddMoodCell.xib; sourceTree = "<group>"; };
		CF0DEC2A2228BFAB004B594F /* SYAddLabelCell.h */ = {isa = PBXFileReference; fileEncoding = 4; lastKnownFileType = sourcecode.c.h; path = SYAddLabelCell.h; sourceTree = "<group>"; };
		CF0DEC2B2228BFAB004B594F /* SYAddLabelCell.xib */ = {isa = PBXFileReference; fileEncoding = 4; lastKnownFileType = file.xib; path = SYAddLabelCell.xib; sourceTree = "<group>"; };
		CF0DEC2C2228BFAC004B594F /* SYAddLabelCell.m */ = {isa = PBXFileReference; fileEncoding = 4; lastKnownFileType = sourcecode.c.objc; path = SYAddLabelCell.m; sourceTree = "<group>"; };
		CF0DEC2F2228CA66004B594F /* SYAddMoodViewController.h */ = {isa = PBXFileReference; lastKnownFileType = sourcecode.c.h; path = SYAddMoodViewController.h; sourceTree = "<group>"; };
		CF0DEC302228CA66004B594F /* SYAddMoodViewController.m */ = {isa = PBXFileReference; lastKnownFileType = sourcecode.c.objc; path = SYAddMoodViewController.m; sourceTree = "<group>"; };
		CF0DEC312228CA66004B594F /* SYAddMoodViewController.xib */ = {isa = PBXFileReference; lastKnownFileType = file.xib; path = SYAddMoodViewController.xib; sourceTree = "<group>"; };
		CF0DEC342228CA80004B594F /* SYAddChracterViewController.h */ = {isa = PBXFileReference; lastKnownFileType = sourcecode.c.h; path = SYAddChracterViewController.h; sourceTree = "<group>"; };
		CF0DEC352228CA80004B594F /* SYAddChracterViewController.m */ = {isa = PBXFileReference; lastKnownFileType = sourcecode.c.objc; path = SYAddChracterViewController.m; sourceTree = "<group>"; };
		CF0DEC362228CA80004B594F /* SYAddChracterViewController.xib */ = {isa = PBXFileReference; lastKnownFileType = file.xib; path = SYAddChracterViewController.xib; sourceTree = "<group>"; };
		CF0DEC392228CA96004B594F /* SYPickLabelViewController.h */ = {isa = PBXFileReference; lastKnownFileType = sourcecode.c.h; path = SYPickLabelViewController.h; sourceTree = "<group>"; };
		CF0DEC3A2228CA96004B594F /* SYPickLabelViewController.m */ = {isa = PBXFileReference; lastKnownFileType = sourcecode.c.objc; path = SYPickLabelViewController.m; sourceTree = "<group>"; };
		CF0DEC3B2228CA96004B594F /* SYPickLabelViewController.xib */ = {isa = PBXFileReference; lastKnownFileType = file.xib; path = SYPickLabelViewController.xib; sourceTree = "<group>"; };
		CF0DEC3E2228E264004B594F /* MBProgressHUD+MJ.h */ = {isa = PBXFileReference; fileEncoding = 4; lastKnownFileType = sourcecode.c.h; path = "MBProgressHUD+MJ.h"; sourceTree = "<group>"; };
		CF0DEC3F2228E264004B594F /* MBProgressHUD+MJ.m */ = {isa = PBXFileReference; fileEncoding = 4; lastKnownFileType = sourcecode.c.objc; path = "MBProgressHUD+MJ.m"; sourceTree = "<group>"; };
		CF838425222900C90087A011 /* CCDatePickerView.h */ = {isa = PBXFileReference; fileEncoding = 4; lastKnownFileType = sourcecode.c.h; path = CCDatePickerView.h; sourceTree = "<group>"; };
		CF838426222900C90087A011 /* CCDatePickerView.m */ = {isa = PBXFileReference; fileEncoding = 4; lastKnownFileType = sourcecode.c.objc; path = CCDatePickerView.m; sourceTree = "<group>"; };
		CF838428222912A70087A011 /* SYBannerCell.h */ = {isa = PBXFileReference; lastKnownFileType = sourcecode.c.h; path = SYBannerCell.h; sourceTree = "<group>"; };
		CF838429222912A70087A011 /* SYBannerCell.m */ = {isa = PBXFileReference; lastKnownFileType = sourcecode.c.objc; path = SYBannerCell.m; sourceTree = "<group>"; };
		CF83842A222912A70087A011 /* SYBannerCell.xib */ = {isa = PBXFileReference; lastKnownFileType = file.xib; path = SYBannerCell.xib; sourceTree = "<group>"; };
		CF83842D222912C30087A011 /* SYDetailContentCell.h */ = {isa = PBXFileReference; lastKnownFileType = sourcecode.c.h; path = SYDetailContentCell.h; sourceTree = "<group>"; };
		CF83842E222912C30087A011 /* SYDetailContentCell.m */ = {isa = PBXFileReference; lastKnownFileType = sourcecode.c.objc; path = SYDetailContentCell.m; sourceTree = "<group>"; };
		CF83842F222912C30087A011 /* SYDetailContentCell.xib */ = {isa = PBXFileReference; lastKnownFileType = file.xib; path = SYDetailContentCell.xib; sourceTree = "<group>"; };
		CF8384322229136D0087A011 /* SYDetailCharacterCell.h */ = {isa = PBXFileReference; lastKnownFileType = sourcecode.c.h; path = SYDetailCharacterCell.h; sourceTree = "<group>"; };
		CF8384332229136D0087A011 /* SYDetailCharacterCell.m */ = {isa = PBXFileReference; lastKnownFileType = sourcecode.c.objc; path = SYDetailCharacterCell.m; sourceTree = "<group>"; };
		CF8384342229136D0087A011 /* SYDetailCharacterCell.xib */ = {isa = PBXFileReference; lastKnownFileType = file.xib; path = SYDetailCharacterCell.xib; sourceTree = "<group>"; };
		CF838437222919960087A011 /* SYDetailTagsCell.h */ = {isa = PBXFileReference; lastKnownFileType = sourcecode.c.h; path = SYDetailTagsCell.h; sourceTree = "<group>"; };
		CF838438222919960087A011 /* SYDetailTagsCell.m */ = {isa = PBXFileReference; lastKnownFileType = sourcecode.c.objc; path = SYDetailTagsCell.m; sourceTree = "<group>"; };
		CF838439222919960087A011 /* SYDetailTagsCell.xib */ = {isa = PBXFileReference; lastKnownFileType = file.xib; path = SYDetailTagsCell.xib; sourceTree = "<group>"; };
		CF83843C22291F540087A011 /* SYBannerItemCell.h */ = {isa = PBXFileReference; lastKnownFileType = sourcecode.c.h; path = SYBannerItemCell.h; sourceTree = "<group>"; };
		CF83843D22291F540087A011 /* SYBannerItemCell.m */ = {isa = PBXFileReference; lastKnownFileType = sourcecode.c.objc; path = SYBannerItemCell.m; sourceTree = "<group>"; };
		CF83843E22291F540087A011 /* SYBannerItemCell.xib */ = {isa = PBXFileReference; lastKnownFileType = file.xib; path = SYBannerItemCell.xib; sourceTree = "<group>"; };
		CF838442222922100087A011 /* SYUserDefaults.h */ = {isa = PBXFileReference; lastKnownFileType = sourcecode.c.h; path = SYUserDefaults.h; sourceTree = "<group>"; };
		CF838443222922100087A011 /* SYUserDefaults.m */ = {isa = PBXFileReference; lastKnownFileType = sourcecode.c.objc; path = SYUserDefaults.m; sourceTree = "<group>"; };
		CF838445222928260087A011 /* SYRecordImgItemCell.h */ = {isa = PBXFileReference; lastKnownFileType = sourcecode.c.h; path = SYRecordImgItemCell.h; sourceTree = "<group>"; };
		CF838446222928260087A011 /* SYRecordImgItemCell.m */ = {isa = PBXFileReference; lastKnownFileType = sourcecode.c.objc; path = SYRecordImgItemCell.m; sourceTree = "<group>"; };
		CF838447222928260087A011 /* SYRecordImgItemCell.xib */ = {isa = PBXFileReference; lastKnownFileType = file.xib; path = SYRecordImgItemCell.xib; sourceTree = "<group>"; };
		CF83844A2229354E0087A011 /* SYPickChracterViewController.h */ = {isa = PBXFileReference; lastKnownFileType = sourcecode.c.h; path = SYPickChracterViewController.h; sourceTree = "<group>"; };
		CF83844B2229354E0087A011 /* SYPickChracterViewController.m */ = {isa = PBXFileReference; lastKnownFileType = sourcecode.c.objc; path = SYPickChracterViewController.m; sourceTree = "<group>"; };
		CF83844C2229354E0087A011 /* SYPickChracterViewController.xib */ = {isa = PBXFileReference; lastKnownFileType = file.xib; path = SYPickChracterViewController.xib; sourceTree = "<group>"; };
		CF83844F222936250087A011 /* SYEleFigureCell.h */ = {isa = PBXFileReference; lastKnownFileType = sourcecode.c.h; path = SYEleFigureCell.h; sourceTree = "<group>"; };
		CF838450222936250087A011 /* SYEleFigureCell.m */ = {isa = PBXFileReference; lastKnownFileType = sourcecode.c.objc; path = SYEleFigureCell.m; sourceTree = "<group>"; };
		CF838451222936250087A011 /* SYEleFigureCell.xib */ = {isa = PBXFileReference; lastKnownFileType = file.xib; path = SYEleFigureCell.xib; sourceTree = "<group>"; };
		CF838454222CB5080087A011 /* SYFeedbackViewController.h */ = {isa = PBXFileReference; lastKnownFileType = sourcecode.c.h; path = SYFeedbackViewController.h; sourceTree = "<group>"; };
		CF838455222CB5080087A011 /* SYFeedbackViewController.m */ = {isa = PBXFileReference; lastKnownFileType = sourcecode.c.objc; path = SYFeedbackViewController.m; sourceTree = "<group>"; };
		CF838456222CB5080087A011 /* SYFeedbackViewController.xib */ = {isa = PBXFileReference; lastKnownFileType = file.xib; path = SYFeedbackViewController.xib; sourceTree = "<group>"; };
/* End PBXFileReference section */

/* Begin PBXFrameworksBuildPhase section */
		8A3EDFD3222648910086198C /* Frameworks */ = {
			isa = PBXFrameworksBuildPhase;
			buildActionMask = 2147483647;
			files = (
				6CD1822DE676531CEC59DAD4 /* libPods-basisProject.a in Frameworks */,
			);
			runOnlyForDeploymentPostprocessing = 0;
		};
/* End PBXFrameworksBuildPhase section */

/* Begin PBXGroup section */
		188B1CF177D12E2ABFDE1B56 /* Frameworks */ = {
			isa = PBXGroup;
			children = (
				909ABF3A93063B1136C3830F /* libPods-basisProject.a */,
			);
			name = Frameworks;
			sourceTree = "<group>";
		};
		8A3EDFCD222648910086198C = {
			isa = PBXGroup;
			children = (
				8A3EDFD8222648910086198C /* basisProject */,
				8A3EDFD7222648910086198C /* Products */,
				FB15C8EF09E4425CFF98C1BC /* Pods */,
				188B1CF177D12E2ABFDE1B56 /* Frameworks */,
			);
			sourceTree = "<group>";
		};
		8A3EDFD7222648910086198C /* Products */ = {
			isa = PBXGroup;
			children = (
				8A3EDFD6222648910086198C /* basisProject.app */,
			);
			name = Products;
			sourceTree = "<group>";
		};
		8A3EDFD8222648910086198C /* basisProject */ = {
			isa = PBXGroup;
			children = (
				CF838441222921E80087A011 /* public */,
				CF0DEC032227EEDC004B594F /* Third */,
				8A3EE00722264D2C0086198C /* Category */,
				8A3EE00822264D2C0086198C /* Macro */,
				8A3EDFF1222648C30086198C /* Base */,
				8A3EDFEF222648C30086198C /* Main */,
				8A3EDFD9222648910086198C /* AppDelegate.h */,
				8A3EDFDA222648910086198C /* AppDelegate.m */,
				8A3EDFDF222648910086198C /* Main.storyboard */,
				8A3EDFE2222648920086198C /* Assets.xcassets */,
				8A3EDFE4222648920086198C /* LaunchScreen.storyboard */,
				8A3EDFE7222648920086198C /* Info.plist */,
				8A3EDFE8222648920086198C /* main.m */,
			);
			path = basisProject;
			sourceTree = "<group>";
		};
		8A3EDFEF222648C30086198C /* Main */ = {
			isa = PBXGroup;
			children = (
				CF0DEBA72227C1C0004B594F /* View */,
				CF0DEBA62227C1C0004B594F /* Model */,
				8A3EDFF2222649690086198C /* Controller */,
			);
			path = Main;
			sourceTree = "<group>";
		};
		8A3EDFF1222648C30086198C /* Base */ = {
			isa = PBXGroup;
			children = (
				8A3EDFFE222649EE0086198C /* BasicTabBarViewController.h */,
				8A3EDFFF222649EE0086198C /* BasicTabBarViewController.m */,
				8A3EE00122264A0E0086198C /* BaseViewController.h */,
				8A3EE00222264A0E0086198C /* BaseViewController.m */,
				8A3EE00422264A280086198C /* BasicNavViewController.h */,
				8A3EE00522264A280086198C /* BasicNavViewController.m */,
			);
			path = Base;
			sourceTree = "<group>";
		};
		8A3EDFF2222649690086198C /* Controller */ = {
			isa = PBXGroup;
			children = (
				CF0DEBA82227C1E5004B594F /* SYHomeViewController.h */,
				CF0DEBA92227C1E5004B594F /* SYHomeViewController.m */,
				CF0DEBAA2227C1E5004B594F /* SYHomeViewController.xib */,
				CF0DEBAD2227C20C004B594F /* SYRecordDetailViewController.h */,
				CF0DEBAE2227C20C004B594F /* SYRecordDetailViewController.m */,
				CF0DEBAF2227C20C004B594F /* SYRecordDetailViewController.xib */,
				CF0DEBB22227C229004B594F /* SYElementViewController.h */,
				CF0DEBB32227C229004B594F /* SYElementViewController.m */,
				CF0DEBB42227C229004B594F /* SYElementViewController.xib */,
				CF0DEBB72227C23C004B594F /* SYSetupViewController.h */,
				CF0DEBB82227C23C004B594F /* SYSetupViewController.m */,
				CF0DEBB92227C23C004B594F /* SYSetupViewController.xib */,
				CF0DEBD12227DD63004B594F /* SYAddRecordViewController.h */,
				CF0DEBD22227DD63004B594F /* SYAddRecordViewController.m */,
				CF0DEBD32227DD63004B594F /* SYAddRecordViewController.xib */,
				CF0DEC2F2228CA66004B594F /* SYAddMoodViewController.h */,
				CF0DEC302228CA66004B594F /* SYAddMoodViewController.m */,
				CF0DEC312228CA66004B594F /* SYAddMoodViewController.xib */,
				CF0DEC342228CA80004B594F /* SYAddChracterViewController.h */,
				CF0DEC352228CA80004B594F /* SYAddChracterViewController.m */,
				CF0DEC362228CA80004B594F /* SYAddChracterViewController.xib */,
				CF0DEC392228CA96004B594F /* SYPickLabelViewController.h */,
				CF0DEC3A2228CA96004B594F /* SYPickLabelViewController.m */,
				CF0DEC3B2228CA96004B594F /* SYPickLabelViewController.xib */,
				CF83844A2229354E0087A011 /* SYPickChracterViewController.h */,
				CF83844B2229354E0087A011 /* SYPickChracterViewController.m */,
				CF83844C2229354E0087A011 /* SYPickChracterViewController.xib */,
				CF838454222CB5080087A011 /* SYFeedbackViewController.h */,
				CF838455222CB5080087A011 /* SYFeedbackViewController.m */,
				CF838456222CB5080087A011 /* SYFeedbackViewController.xib */,
			);
			path = Controller;
			sourceTree = "<group>";
		};
		8A3EE00722264D2C0086198C /* Category */ = {
			isa = PBXGroup;
			children = (
				CF0DEC3E2228E264004B594F /* MBProgressHUD+MJ.h */,
				CF0DEC3F2228E264004B594F /* MBProgressHUD+MJ.m */,
				CF0DEBCB2227D1F3004B594F /* UIView+AZGradient.h */,
				CF0DEBCC2227D1F3004B594F /* UIView+AZGradient.m */,
				8A3EE00E22264F4E0086198C /* UIView+Extension.h */,
				8A3EE00D22264F4E0086198C /* UIView+Extension.m */,
				8A3EE00B22264F040086198C /* NSLayoutConstraint+IBDesignable.h */,
				8A3EE00A22264F040086198C /* NSLayoutConstraint+IBDesignable.m */,
				8A3EE018222651180086198C /* NSString+Extention.h */,
				8A3EE019222651180086198C /* NSString+Extention.m */,
				CF0DEBCE2227DA84004B594F /* UIView+shadow.h */,
				CF0DEBCF2227DA84004B594F /* UIView+shadow.m */,
			);
			path = Category;
			sourceTree = "<group>";
		};
		8A3EE00822264D2C0086198C /* Macro */ = {
			isa = PBXGroup;
			children = (
				8A3EE00922264D460086198C /* PrefixHeader.pch */,
				8A3EE01B222652C80086198C /* macros.pch */,
			);
			path = Macro;
			sourceTree = "<group>";
		};
		CF0DEBA62227C1C0004B594F /* Model */ = {
			isa = PBXGroup;
			children = (
			);
			name = Model;
			path = basisProject/Main/Model;
			sourceTree = SOURCE_ROOT;
		};
		CF0DEBA72227C1C0004B594F /* View */ = {
			isa = PBXGroup;
			children = (
				CF0DEC2A2228BFAB004B594F /* SYAddLabelCell.h */,
				CF0DEC2C2228BFAC004B594F /* SYAddLabelCell.m */,
				CF0DEC2B2228BFAB004B594F /* SYAddLabelCell.xib */,
				CF0DEC252228BD31004B594F /* SYAddMoodCell.h */,
				CF0DEC262228BD31004B594F /* SYAddMoodCell.m */,
				CF0DEC272228BD31004B594F /* SYAddMoodCell.xib */,
				CF0DEBF72227EB5E004B594F /* SYAddCharacterCell.h */,
				CF0DEBFC2227EB5F004B594F /* SYAddCharacterCell.m */,
				CF0DEBFB2227EB5F004B594F /* SYAddCharacterCell.xib */,
				CF0DEBF42227EB5E004B594F /* SYAddRecorContentCell.h */,
				CF0DEBF62227EB5E004B594F /* SYAddRecorContentCell.m */,
				CF0DEBF52227EB5E004B594F /* SYAddRecorContentCell.xib */,
				CF0DEBF82227EB5E004B594F /* SYAddRecordTimeCell.h */,
				CF0DEBF92227EB5E004B594F /* SYAddRecordTimeCell.m */,
				CF0DEBFA2227EB5F004B594F /* SYAddRecordTimeCell.xib */,
				CF0DEBBC2227C7EE004B594F /* SYRecordListCell.h */,
				CF0DEBBD2227C7EE004B594F /* SYRecordListCell.m */,
				CF0DEBBE2227C7EE004B594F /* SYRecordListCell.xib */,
				CF0DEBC12227CAB5004B594F /* SYLabellistCell.h */,
				CF0DEBC22227CAB5004B594F /* SYLabellistCell.m */,
				CF0DEBC32227CAB5004B594F /* SYLabellistCell.xib */,
				CF0DEBC62227CAC7004B594F /* SYMoodCell.h */,
				CF0DEBC72227CAC7004B594F /* SYMoodCell.m */,
				CF0DEBC82227CAC7004B594F /* SYMoodCell.xib */,
				CF0DEBD62227E1A3004B594F /* SYAddRecordsTopCell.h */,
				CF0DEBD72227E1A3004B594F /* SYAddRecordsTopCell.m */,
				CF0DEBD82227E1A3004B594F /* SYAddRecordsTopCell.xib */,
				CF838428222912A70087A011 /* SYBannerCell.h */,
				CF838429222912A70087A011 /* SYBannerCell.m */,
				CF83842A222912A70087A011 /* SYBannerCell.xib */,
				CF83842D222912C30087A011 /* SYDetailContentCell.h */,
				CF83842E222912C30087A011 /* SYDetailContentCell.m */,
				CF83842F222912C30087A011 /* SYDetailContentCell.xib */,
				CF8384322229136D0087A011 /* SYDetailCharacterCell.h */,
				CF8384332229136D0087A011 /* SYDetailCharacterCell.m */,
				CF8384342229136D0087A011 /* SYDetailCharacterCell.xib */,
				CF838437222919960087A011 /* SYDetailTagsCell.h */,
				CF838438222919960087A011 /* SYDetailTagsCell.m */,
				CF838439222919960087A011 /* SYDetailTagsCell.xib */,
				CF83843C22291F540087A011 /* SYBannerItemCell.h */,
				CF83843D22291F540087A011 /* SYBannerItemCell.m */,
				CF83843E22291F540087A011 /* SYBannerItemCell.xib */,
				CF838445222928260087A011 /* SYRecordImgItemCell.h */,
				CF838446222928260087A011 /* SYRecordImgItemCell.m */,
				CF838447222928260087A011 /* SYRecordImgItemCell.xib */,
				CF83844F222936250087A011 /* SYEleFigureCell.h */,
				CF838450222936250087A011 /* SYEleFigureCell.m */,
				CF838451222936250087A011 /* SYEleFigureCell.xib */,
			);
			name = View;
			path = basisProject/Main/View;
			sourceTree = SOURCE_ROOT;
		};
		CF0DEC032227EEDC004B594F /* Third */ = {
			isa = PBXGroup;
			children = (
				CF838425222900C90087A011 /* CCDatePickerView.h */,
				CF838426222900C90087A011 /* CCDatePickerView.m */,
				CF0DEC042227EEDC004B594F /* ACMediaFrame */,
			);
			path = Third;
			sourceTree = "<group>";
		};
		CF0DEC042227EEDC004B594F /* ACMediaFrame */ = {
			isa = PBXGroup;
			children = (
				CF0DEC052227EEDC004B594F /* ACMediaModel.h */,
				CF0DEC062227EEDC004B594F /* ACMediaManager.h */,
				CF0DEC072227EEDC004B594F /* ACMediaFrame.bundle */,
				CF0DEC082227EEDC004B594F /* ACSelectMediaView.h */,
				CF0DEC092227EEDC004B594F /* Libraries */,
				CF0DEC142227EEDC004B594F /* ACMediaImageCell.m */,
				CF0DEC152227EEDC004B594F /* ACMediaModel.m */,
				CF0DEC162227EEDC004B594F /* ACMediaManager.m */,
				CF0DEC172227EEDC004B594F /* ACMediaFrameConst.h */,
				CF0DEC182227EEDC004B594F /* ACMediaImageCell.h */,
				CF0DEC192227EEDC004B594F /* ACMediaFrame.h */,
				CF0DEC1A2227EEDC004B594F /* ACSelectMediaView.m */,
			);
			path = ACMediaFrame;
			sourceTree = "<group>";
		};
		CF0DEC092227EEDC004B594F /* Libraries */ = {
			isa = PBXGroup;
			children = (
				CF0DEC0A2227EEDC004B594F /* UIImageView+ACMediaExt.h */,
				CF0DEC0B2227EEDC004B594F /* NSString+ACMediaExt.h */,
				CF0DEC0C2227EEDC004B594F /* UIViewController+ACMediaExt.h */,
				CF0DEC0D2227EEDC004B594F /* UIView+ACMediaExt.m */,
				CF0DEC0E2227EEDC004B594F /* UIImage+ACGif.m */,
				CF0DEC0F2227EEDC004B594F /* UIImageView+ACMediaExt.m */,
				CF0DEC102227EEDC004B594F /* NSString+ACMediaExt.m */,
				CF0DEC112227EEDC004B594F /* UIViewController+ACMediaExt.m */,
				CF0DEC122227EEDC004B594F /* UIImage+ACGif.h */,
				CF0DEC132227EEDC004B594F /* UIView+ACMediaExt.h */,
			);
			path = Libraries;
			sourceTree = "<group>";
		};
		CF838441222921E80087A011 /* public */ = {
			isa = PBXGroup;
			children = (
				CF838442222922100087A011 /* SYUserDefaults.h */,
				CF838443222922100087A011 /* SYUserDefaults.m */,
			);
			path = public;
			sourceTree = "<group>";
		};
		FB15C8EF09E4425CFF98C1BC /* Pods */ = {
			isa = PBXGroup;
			children = (
				6480BCAC8B6E5948DCF36830 /* Pods-basisProject.debug.xcconfig */,
				C62B1BF9BCA775C4583DF898 /* Pods-basisProject.release.xcconfig */,
			);
			path = Pods;
			sourceTree = "<group>";
		};
/* End PBXGroup section */

/* Begin PBXNativeTarget section */
		8A3EDFD5222648910086198C /* basisProject */ = {
			isa = PBXNativeTarget;
			buildConfigurationList = 8A3EDFEC222648920086198C /* Build configuration list for PBXNativeTarget "basisProject" */;
			buildPhases = (
				E58BCBF5D3412971C9011247 /* [CP] Check Pods Manifest.lock */,
				8A3EDFD2222648910086198C /* Sources */,
				8A3EDFD3222648910086198C /* Frameworks */,
				8A3EDFD4222648910086198C /* Resources */,
				A2B7447E8B642A4D51A76B6E /* [CP] Copy Pods Resources */,
			);
			buildRules = (
			);
			dependencies = (
			);
			name = basisProject;
			productName = basisProject;
			productReference = 8A3EDFD6222648910086198C /* basisProject.app */;
			productType = "com.apple.product-type.application";
		};
/* End PBXNativeTarget section */

/* Begin PBXProject section */
		8A3EDFCE222648910086198C /* Project object */ = {
			isa = PBXProject;
			attributes = {
				CLASSPREFIX = SY;
				LastUpgradeCheck = 1010;
				ORGANIZATIONNAME = shenyong;
				TargetAttributes = {
					8A3EDFD5222648910086198C = {
						CreatedOnToolsVersion = 10.1;
					};
				};
			};
			buildConfigurationList = 8A3EDFD1222648910086198C /* Build configuration list for PBXProject "basisProject" */;
			compatibilityVersion = "Xcode 9.3";
			developmentRegion = en;
			hasScannedForEncodings = 0;
			knownRegions = (
				en,
				Base,
			);
			mainGroup = 8A3EDFCD222648910086198C;
			productRefGroup = 8A3EDFD7222648910086198C /* Products */;
			projectDirPath = "";
			projectRoot = "";
			targets = (
				8A3EDFD5222648910086198C /* basisProject */,
			);
		};
/* End PBXProject section */

/* Begin PBXResourcesBuildPhase section */
		8A3EDFD4222648910086198C /* Resources */ = {
			isa = PBXResourcesBuildPhase;
			buildActionMask = 2147483647;
			files = (
				CF0DEBCA2227CAC7004B594F /* SYMoodCell.xib in Resources */,
				CF0DEC3D2228CA96004B594F /* SYPickLabelViewController.xib in Resources */,
				8A3EDFE6222648920086198C /* LaunchScreen.storyboard in Resources */,
				CF838431222912C30087A011 /* SYDetailContentCell.xib in Resources */,
				CF0DEBD52227DD63004B594F /* SYAddRecordViewController.xib in Resources */,
				CF0DEBAC2227C1E5004B594F /* SYHomeViewController.xib in Resources */,
				CF83844E2229354E0087A011 /* SYPickChracterViewController.xib in Resources */,
				CF0DEBC52227CAB5004B594F /* SYLabellistCell.xib in Resources */,
				CF0DEC332228CA66004B594F /* SYAddMoodViewController.xib in Resources */,
				CF0DEBFD2227EB5F004B594F /* SYAddRecorContentCell.xib in Resources */,
				CF0DEBBB2227C23C004B594F /* SYSetupViewController.xib in Resources */,
				8A3EDFE3222648920086198C /* Assets.xcassets in Resources */,
				CF0DEBC02227C7EE004B594F /* SYRecordListCell.xib in Resources */,
				CF838458222CB5080087A011 /* SYFeedbackViewController.xib in Resources */,
				CF83844022291F540087A011 /* SYBannerItemCell.xib in Resources */,
				CF0DEBB12227C20C004B594F /* SYRecordDetailViewController.xib in Resources */,
				CF0DEC2D2228BFAC004B594F /* SYAddLabelCell.xib in Resources */,
				CF83842C222912A70087A011 /* SYBannerCell.xib in Resources */,
				CF0DEC382228CA80004B594F /* SYAddChracterViewController.xib in Resources */,
				CF0DEC1B2227EEDC004B594F /* ACMediaFrame.bundle in Resources */,
				CF0DEC292228BD31004B594F /* SYAddMoodCell.xib in Resources */,
				CF83843B222919960087A011 /* SYDetailTagsCell.xib in Resources */,
				8A3EDFE1222648910086198C /* Main.storyboard in Resources */,
				CF0DEBDA2227E1A3004B594F /* SYAddRecordsTopCell.xib in Resources */,
				CF0DEBB62227C229004B594F /* SYElementViewController.xib in Resources */,
				CF838453222936250087A011 /* SYEleFigureCell.xib in Resources */,
				CF0DEC002227EB5F004B594F /* SYAddRecordTimeCell.xib in Resources */,
				CF838449222928260087A011 /* SYRecordImgItemCell.xib in Resources */,
				CF8384362229136D0087A011 /* SYDetailCharacterCell.xib in Resources */,
				CF0DEC012227EB5F004B594F /* SYAddCharacterCell.xib in Resources */,
			);
			runOnlyForDeploymentPostprocessing = 0;
		};
/* End PBXResourcesBuildPhase section */

/* Begin PBXShellScriptBuildPhase section */
		A2B7447E8B642A4D51A76B6E /* [CP] Copy Pods Resources */ = {
			isa = PBXShellScriptBuildPhase;
			buildActionMask = 2147483647;
			files = (
			);
			inputFileListPaths = (
			);
			inputPaths = (
				"${PODS_ROOT}/Target Support Files/Pods-basisProject/Pods-basisProject-resources.sh",
				"${PODS_ROOT}/IQKeyboardManager/IQKeyboardManager/Resources/IQKeyboardManager.bundle",
				"${PODS_CONFIGURATION_BUILD_DIR}/MWPhotoBrowser/MWPhotoBrowser.bundle",
				"${PODS_ROOT}/TZImagePickerController/TZImagePickerController/TZImagePickerController/TZImagePickerController.bundle",
			);
			name = "[CP] Copy Pods Resources";
			outputFileListPaths = (
			);
			outputPaths = (
				"${TARGET_BUILD_DIR}/${UNLOCALIZED_RESOURCES_FOLDER_PATH}/IQKeyboardManager.bundle",
				"${TARGET_BUILD_DIR}/${UNLOCALIZED_RESOURCES_FOLDER_PATH}/MWPhotoBrowser.bundle",
				"${TARGET_BUILD_DIR}/${UNLOCALIZED_RESOURCES_FOLDER_PATH}/TZImagePickerController.bundle",
			);
			runOnlyForDeploymentPostprocessing = 0;
			shellPath = /bin/sh;
			shellScript = "\"${PODS_ROOT}/Target Support Files/Pods-basisProject/Pods-basisProject-resources.sh\"\n";
			showEnvVarsInLog = 0;
		};
		E58BCBF5D3412971C9011247 /* [CP] Check Pods Manifest.lock */ = {
			isa = PBXShellScriptBuildPhase;
			buildActionMask = 2147483647;
			files = (
			);
			inputFileListPaths = (
			);
			inputPaths = (
				"${PODS_PODFILE_DIR_PATH}/Podfile.lock",
				"${PODS_ROOT}/Manifest.lock",
			);
			name = "[CP] Check Pods Manifest.lock";
			outputFileListPaths = (
			);
			outputPaths = (
				"$(DERIVED_FILE_DIR)/Pods-basisProject-checkManifestLockResult.txt",
			);
			runOnlyForDeploymentPostprocessing = 0;
			shellPath = /bin/sh;
			shellScript = "diff \"${PODS_PODFILE_DIR_PATH}/Podfile.lock\" \"${PODS_ROOT}/Manifest.lock\" > /dev/null\nif [ $? != 0 ] ; then\n    # print error to STDERR\n    echo \"error: The sandbox is not in sync with the Podfile.lock. Run 'pod install' or update your CocoaPods installation.\" >&2\n    exit 1\nfi\n# This output is used by Xcode 'outputs' to avoid re-running this script phase.\necho \"SUCCESS\" > \"${SCRIPT_OUTPUT_FILE_0}\"\n";
			showEnvVarsInLog = 0;
		};
/* End PBXShellScriptBuildPhase section */

/* Begin PBXSourcesBuildPhase section */
		8A3EDFD2222648910086198C /* Sources */ = {
			isa = PBXSourcesBuildPhase;
			buildActionMask = 2147483647;
			files = (
				CF0DEC242227EEDC004B594F /* ACSelectMediaView.m in Sources */,
				CF0DEC212227EEDC004B594F /* ACMediaImageCell.m in Sources */,
				CF838430222912C30087A011 /* SYDetailContentCell.m in Sources */,
				8A3EE00F22264F4E0086198C /* UIView+Extension.m in Sources */,
				CF0DEBFF2227EB5F004B594F /* SYAddRecordTimeCell.m in Sources */,
				CF0DEBD92227E1A3004B594F /* SYAddRecordsTopCell.m in Sources */,
				CF0DEBAB2227C1E5004B594F /* SYHomeViewController.m in Sources */,
				CF83844D2229354E0087A011 /* SYPickChracterViewController.m in Sources */,
				CF0DEBBA2227C23C004B594F /* SYSetupViewController.m in Sources */,
				CF0DEC022227EB5F004B594F /* SYAddCharacterCell.m in Sources */,
				CF0DEC1F2227EEDC004B594F /* NSString+ACMediaExt.m in Sources */,
				CF0DEC402228E264004B594F /* MBProgressHUD+MJ.m in Sources */,
				CF838448222928260087A011 /* SYRecordImgItemCell.m in Sources */,
				CF0DEC2E2228BFAC004B594F /* SYAddLabelCell.m in Sources */,
				8A3EDFE9222648920086198C /* main.m in Sources */,
				8A3EE00622264A280086198C /* BasicNavViewController.m in Sources */,
				CF838452222936250087A011 /* SYEleFigureCell.m in Sources */,
				CF838444222922100087A011 /* SYUserDefaults.m in Sources */,
				CF0DEC3C2228CA96004B594F /* SYPickLabelViewController.m in Sources */,
				CF0DEC232227EEDC004B594F /* ACMediaManager.m in Sources */,
				CF83842B222912A70087A011 /* SYBannerCell.m in Sources */,
				CF838457222CB5080087A011 /* SYFeedbackViewController.m in Sources */,
				CF0DEC1D2227EEDC004B594F /* UIImage+ACGif.m in Sources */,
				8A3EE000222649EE0086198C /* BasicTabBarViewController.m in Sources */,
				CF0DEC322228CA66004B594F /* SYAddMoodViewController.m in Sources */,
				CF0DEC282228BD31004B594F /* SYAddMoodCell.m in Sources */,
				CF83843A222919960087A011 /* SYDetailTagsCell.m in Sources */,
				CF0DEBC42227CAB5004B594F /* SYLabellistCell.m in Sources */,
				CF0DEBD42227DD63004B594F /* SYAddRecordViewController.m in Sources */,
				CF0DEBC92227CAC7004B594F /* SYMoodCell.m in Sources */,
				CF0DEC1C2227EEDC004B594F /* UIView+ACMediaExt.m in Sources */,
				8A3EDFDB222648910086198C /* AppDelegate.m in Sources */,
				CF8384352229136D0087A011 /* SYDetailCharacterCell.m in Sources */,
				CF0DEC372228CA80004B594F /* SYAddChracterViewController.m in Sources */,
				CF0DEBB52227C229004B594F /* SYElementViewController.m in Sources */,
				CF0DEBD02227DA84004B594F /* UIView+shadow.m in Sources */,
				CF0DEBFE2227EB5F004B594F /* SYAddRecorContentCell.m in Sources */,
				CF0DEC222227EEDC004B594F /* ACMediaModel.m in Sources */,
				CF0DEBBF2227C7EE004B594F /* SYRecordListCell.m in Sources */,
				CF838427222900C90087A011 /* CCDatePickerView.m in Sources */,
				CF0DEBCD2227D1F3004B594F /* UIView+AZGradient.m in Sources */,
				CF0DEBB02227C20C004B594F /* SYRecordDetailViewController.m in Sources */,
				8A3EE00C22264F040086198C /* NSLayoutConstraint+IBDesignable.m in Sources */,
				8A3EE01A222651180086198C /* NSString+Extention.m in Sources */,
				8A3EE00322264A0E0086198C /* BaseViewController.m in Sources */,
				CF0DEC202227EEDC004B594F /* UIViewController+ACMediaExt.m in Sources */,
				CF0DEC1E2227EEDC004B594F /* UIImageView+ACMediaExt.m in Sources */,
				CF83843F22291F540087A011 /* SYBannerItemCell.m in Sources */,
			);
			runOnlyForDeploymentPostprocessing = 0;
		};
/* End PBXSourcesBuildPhase section */

/* Begin PBXVariantGroup section */
		8A3EDFDF222648910086198C /* Main.storyboard */ = {
			isa = PBXVariantGroup;
			children = (
				8A3EDFE0222648910086198C /* Base */,
			);
			name = Main.storyboard;
			sourceTree = "<group>";
		};
		8A3EDFE4222648920086198C /* LaunchScreen.storyboard */ = {
			isa = PBXVariantGroup;
			children = (
				8A3EDFE5222648920086198C /* Base */,
			);
			name = LaunchScreen.storyboard;
			sourceTree = "<group>";
		};
/* End PBXVariantGroup section */

/* Begin XCBuildConfiguration section */
		8A3EDFEA222648920086198C /* Debug */ = {
			isa = XCBuildConfiguration;
			buildSettings = {
				ALWAYS_SEARCH_USER_PATHS = NO;
				CLANG_ANALYZER_NONNULL = YES;
				CLANG_ANALYZER_NUMBER_OBJECT_CONVERSION = YES_AGGRESSIVE;
				CLANG_CXX_LANGUAGE_STANDARD = "gnu++14";
				CLANG_CXX_LIBRARY = "libc++";
				CLANG_ENABLE_MODULES = YES;
				CLANG_ENABLE_OBJC_ARC = YES;
				CLANG_ENABLE_OBJC_WEAK = YES;
				CLANG_WARN_BLOCK_CAPTURE_AUTORELEASING = YES;
				CLANG_WARN_BOOL_CONVERSION = YES;
				CLANG_WARN_COMMA = YES;
				CLANG_WARN_CONSTANT_CONVERSION = YES;
				CLANG_WARN_DEPRECATED_OBJC_IMPLEMENTATIONS = YES;
				CLANG_WARN_DIRECT_OBJC_ISA_USAGE = YES_ERROR;
				CLANG_WARN_DOCUMENTATION_COMMENTS = YES;
				CLANG_WARN_EMPTY_BODY = YES;
				CLANG_WARN_ENUM_CONVERSION = YES;
				CLANG_WARN_INFINITE_RECURSION = YES;
				CLANG_WARN_INT_CONVERSION = YES;
				CLANG_WARN_NON_LITERAL_NULL_CONVERSION = YES;
				CLANG_WARN_OBJC_IMPLICIT_RETAIN_SELF = YES;
				CLANG_WARN_OBJC_LITERAL_CONVERSION = YES;
				CLANG_WARN_OBJC_ROOT_CLASS = YES_ERROR;
				CLANG_WARN_RANGE_LOOP_ANALYSIS = YES;
				CLANG_WARN_STRICT_PROTOTYPES = YES;
				CLANG_WARN_SUSPICIOUS_MOVE = YES;
				CLANG_WARN_UNGUARDED_AVAILABILITY = YES_AGGRESSIVE;
				CLANG_WARN_UNREACHABLE_CODE = YES;
				CLANG_WARN__DUPLICATE_METHOD_MATCH = YES;
				CODE_SIGN_IDENTITY = "iPhone Developer";
				COPY_PHASE_STRIP = NO;
				DEBUG_INFORMATION_FORMAT = dwarf;
				ENABLE_STRICT_OBJC_MSGSEND = YES;
				ENABLE_TESTABILITY = YES;
				GCC_C_LANGUAGE_STANDARD = gnu11;
				GCC_DYNAMIC_NO_PIC = NO;
				GCC_NO_COMMON_BLOCKS = YES;
				GCC_OPTIMIZATION_LEVEL = 0;
				GCC_PREPROCESSOR_DEFINITIONS = (
					"DEBUG=1",
					"$(inherited)",
				);
				GCC_WARN_64_TO_32_BIT_CONVERSION = YES;
				GCC_WARN_ABOUT_RETURN_TYPE = YES_ERROR;
				GCC_WARN_UNDECLARED_SELECTOR = YES;
				GCC_WARN_UNINITIALIZED_AUTOS = YES_AGGRESSIVE;
				GCC_WARN_UNUSED_FUNCTION = YES;
				GCC_WARN_UNUSED_VARIABLE = YES;
				IPHONEOS_DEPLOYMENT_TARGET = 12.1;
				MTL_ENABLE_DEBUG_INFO = INCLUDE_SOURCE;
				MTL_FAST_MATH = YES;
				ONLY_ACTIVE_ARCH = YES;
				SDKROOT = iphoneos;
			};
			name = Debug;
		};
		8A3EDFEB222648920086198C /* Release */ = {
			isa = XCBuildConfiguration;
			buildSettings = {
				ALWAYS_SEARCH_USER_PATHS = NO;
				CLANG_ANALYZER_NONNULL = YES;
				CLANG_ANALYZER_NUMBER_OBJECT_CONVERSION = YES_AGGRESSIVE;
				CLANG_CXX_LANGUAGE_STANDARD = "gnu++14";
				CLANG_CXX_LIBRARY = "libc++";
				CLANG_ENABLE_MODULES = YES;
				CLANG_ENABLE_OBJC_ARC = YES;
				CLANG_ENABLE_OBJC_WEAK = YES;
				CLANG_WARN_BLOCK_CAPTURE_AUTORELEASING = YES;
				CLANG_WARN_BOOL_CONVERSION = YES;
				CLANG_WARN_COMMA = YES;
				CLANG_WARN_CONSTANT_CONVERSION = YES;
				CLANG_WARN_DEPRECATED_OBJC_IMPLEMENTATIONS = YES;
				CLANG_WARN_DIRECT_OBJC_ISA_USAGE = YES_ERROR;
				CLANG_WARN_DOCUMENTATION_COMMENTS = YES;
				CLANG_WARN_EMPTY_BODY = YES;
				CLANG_WARN_ENUM_CONVERSION = YES;
				CLANG_WARN_INFINITE_RECURSION = YES;
				CLANG_WARN_INT_CONVERSION = YES;
				CLANG_WARN_NON_LITERAL_NULL_CONVERSION = YES;
				CLANG_WARN_OBJC_IMPLICIT_RETAIN_SELF = YES;
				CLANG_WARN_OBJC_LITERAL_CONVERSION = YES;
				CLANG_WARN_OBJC_ROOT_CLASS = YES_ERROR;
				CLANG_WARN_RANGE_LOOP_ANALYSIS = YES;
				CLANG_WARN_STRICT_PROTOTYPES = YES;
				CLANG_WARN_SUSPICIOUS_MOVE = YES;
				CLANG_WARN_UNGUARDED_AVAILABILITY = YES_AGGRESSIVE;
				CLANG_WARN_UNREACHABLE_CODE = YES;
				CLANG_WARN__DUPLICATE_METHOD_MATCH = YES;
				CODE_SIGN_IDENTITY = "iPhone Developer";
				COPY_PHASE_STRIP = NO;
				DEBUG_INFORMATION_FORMAT = "dwarf-with-dsym";
				ENABLE_NS_ASSERTIONS = NO;
				ENABLE_STRICT_OBJC_MSGSEND = YES;
				GCC_C_LANGUAGE_STANDARD = gnu11;
				GCC_NO_COMMON_BLOCKS = YES;
				GCC_WARN_64_TO_32_BIT_CONVERSION = YES;
				GCC_WARN_ABOUT_RETURN_TYPE = YES_ERROR;
				GCC_WARN_UNDECLARED_SELECTOR = YES;
				GCC_WARN_UNINITIALIZED_AUTOS = YES_AGGRESSIVE;
				GCC_WARN_UNUSED_FUNCTION = YES;
				GCC_WARN_UNUSED_VARIABLE = YES;
				IPHONEOS_DEPLOYMENT_TARGET = 12.1;
				MTL_ENABLE_DEBUG_INFO = NO;
				MTL_FAST_MATH = YES;
				SDKROOT = iphoneos;
				VALIDATE_PRODUCT = YES;
			};
			name = Release;
		};
		8A3EDFED222648920086198C /* Debug */ = {
			isa = XCBuildConfiguration;
			baseConfigurationReference = 6480BCAC8B6E5948DCF36830 /* Pods-basisProject.debug.xcconfig */;
			buildSettings = {
				ASSETCATALOG_COMPILER_APPICON_NAME = AppIcon;
				CODE_SIGN_STYLE = Automatic;
				DEVELOPMENT_TEAM = DT46R9Q6Y4;
				GCC_PREFIX_HEADER = basisProject/Macro/PrefixHeader.pch;
				INFOPLIST_FILE = basisProject/Info.plist;
				IPHONEOS_DEPLOYMENT_TARGET = 9.0;
				LD_RUNPATH_SEARCH_PATHS = (
					"$(inherited)",
					"@executable_path/Frameworks",
				);
				PRODUCT_BUNDLE_IDENTIFIER = com.sy.travelRecords;
				PRODUCT_NAME = "$(TARGET_NAME)";
				TARGETED_DEVICE_FAMILY = 1;
			};
			name = Debug;
		};
		8A3EDFEE222648920086198C /* Release */ = {
			isa = XCBuildConfiguration;
			baseConfigurationReference = C62B1BF9BCA775C4583DF898 /* Pods-basisProject.release.xcconfig */;
			buildSettings = {
				ASSETCATALOG_COMPILER_APPICON_NAME = AppIcon;
				CODE_SIGN_STYLE = Automatic;
				DEVELOPMENT_TEAM = DT46R9Q6Y4;
				GCC_PREFIX_HEADER = basisProject/Macro/PrefixHeader.pch;
				INFOPLIST_FILE = basisProject/Info.plist;
				IPHONEOS_DEPLOYMENT_TARGET = 9.0;
				LD_RUNPATH_SEARCH_PATHS = (
					"$(inherited)",
					"@executable_path/Frameworks",
				);
				PRODUCT_BUNDLE_IDENTIFIER = com.sy.travelRecords;
				PRODUCT_NAME = "$(TARGET_NAME)";
				TARGETED_DEVICE_FAMILY = 1;
			};
			name = Release;
		};
/* End XCBuildConfiguration section */

/* Begin XCConfigurationList section */
		8A3EDFD1222648910086198C /* Build configuration list for PBXProject "basisProject" */ = {
			isa = XCConfigurationList;
			buildConfigurations = (
				8A3EDFEA222648920086198C /* Debug */,
				8A3EDFEB222648920086198C /* Release */,
			);
			defaultConfigurationIsVisible = 0;
			defaultConfigurationName = Release;
		};
		8A3EDFEC222648920086198C /* Build configuration list for PBXNativeTarget "basisProject" */ = {
			isa = XCConfigurationList;
			buildConfigurations = (
				8A3EDFED222648920086198C /* Debug */,
				8A3EDFEE222648920086198C /* Release */,
			);
			defaultConfigurationIsVisible = 0;
			defaultConfigurationName = Release;
		};
/* End XCConfigurationList section */
	};
	rootObject = 8A3EDFCE222648910086198C /* Project object */;
}
